dependencies:
- name: traefik
  repository: https://kubernetes-charts.storage.googleapis.com
  version: 1.87.1
- name: rabbitmq
  repository: https://charts.bitnami.com/bitnami
  version: 7.2.1
digest: sha256:fc1d1822972327001f0e43b37d408a83314f14cf58a1734f27ea93e60535441c
generated: "2020-06-25T19:58:00.418746406+05:30"
