dependencies:
- name: traefik
  repository: https://kubernetes-charts.storage.googleapis.com
  version: 1.87.1
- name: rabbitmq
  repository: https://charts.bitnami.com/bitnami
  version: 7.2.1
- name: redis-cluster
  repository: https://charts.bitnami.com/bitnami
  version: 3.2.4
digest: sha256:14135bdd66c2c0a1b05b8d06345158990a5dadd49ec76848de234e54fcf2d18c
generated: "2020-09-21T16:14:26.972582144+05:30"
