dependencies:
- name: nginx-ingress
  repository: https://kubernetes-charts.storage.googleapis.com/
  version: 1.41.3
- name: rabbitmq
  repository: https://charts.bitnami.com/bitnami
  version: 7.2.1
digest: sha256:b72363c0d7eeaecbed128b42673beb1c4ba130619a3162f8d9930c4c60f427cb
generated: "2020-10-27T16:49:00.074749+05:30"
