dependencies:
- name: traefik
  repository: https://kubernetes-charts.storage.googleapis.com
  version: 1.87.1
- name: rabbitmq
  repository: https://charts.bitnami.com/bitnami
  version: 7.2.1
- name: redis-cluster
  repository: https://charts.bitnami.com/bitnami
  version: 3.2.2
digest: sha256:be23068e8380e52746b09bba81645d12232af3ff3642b46f132278692cfe8d64
generated: "2020-09-02T23:00:44.445439144+05:30"
